
Microsoft Visual Studio Solution File, Format Version 12.00
# Visual Studio Version 17
VisualStudioVersion = 17.2.32519.379
MinimumVisualStudioVersion = 10.0.40219.1
Project("{FAE04EC0-301F-11D3-BF4B-00C04F79EFBC}") = "ADO.NETAddressBook", "ADO.NETAddressBook\ADO.NETAddressBook.csproj", "{AC7EF8FD-1195-4976-A4DF-8A10663F62B6}"
EndProject
Global
	GlobalSection(SolutionConfigurationPlatforms) = preSolution
		Debug|Any CPU = Debug|Any CPU
		Release|Any CPU = Release|Any CPU
	EndGlobalSection
	GlobalSection(ProjectConfigurationPlatforms) = postSolution
		{AC7EF8FD-1195-4976-A4DF-8A10663F62B6}.Debug|Any CPU.ActiveCfg = Debug|Any CPU
		{AC7EF8FD-1195-4976-A4DF-8A10663F62B6}.Debug|Any CPU.Build.0 = Debug|Any CPU
		{AC7EF8FD-1195-4976-A4DF-8A10663F62B6}.Release|Any CPU.ActiveCfg = Release|Any CPU
		{AC7EF8FD-1195-4976-A4DF-8A10663F62B6}.Release|Any CPU.Build.0 = Release|Any CPU
	EndGlobalSection
	GlobalSection(SolutionProperties) = preSolution
		HideSolutionNode = FALSE
	EndGlobalSection
	GlobalSection(ExtensibilityGlobals) = postSolution
		SolutionGuid = {FA0EA4A2-86CE-41EF-B9E3-BF1C89279A42}
	EndGlobalSection
EndGlobal
